// !$*UTF8*$!
{
	archiveVersion = 1;
	classes = {
	};
	objectVersion = 56;
	objects = {

/* Begin PBXBuildFile section */
		540927362C268C30007BD4F0 /* AppDelegate.swift in Sources */ = {isa = PBXBuildFile; fileRef = 540927352C268C30007BD4F0 /* AppDelegate.swift */; };
		540927382C268C30007BD4F0 /* SceneDelegate.swift in Sources */ = {isa = PBXBuildFile; fileRef = 540927372C268C30007BD4F0 /* SceneDelegate.swift */; };
		5409273A2C268C30007BD4F0 /* MainViewController.swift in Sources */ = {isa = PBXBuildFile; fileRef = 540927392C268C30007BD4F0 /* MainViewController.swift */; };
		5409273F2C268C30007BD4F0 /* Assets.xcassets in Resources */ = {isa = PBXBuildFile; fileRef = 5409273E2C268C30007BD4F0 /* Assets.xcassets */; };
		540927422C268C30007BD4F0 /* Base in Resources */ = {isa = PBXBuildFile; fileRef = 540927412C268C30007BD4F0 /* Base */; };
		5409274B2C268DA7007BD4F0 /* SnapKit in Frameworks */ = {isa = PBXBuildFile; productRef = 5409274A2C268DA7007BD4F0 /* SnapKit */; };
		5409274E2C268DB3007BD4F0 /* Alamofire in Frameworks */ = {isa = PBXBuildFile; productRef = 5409274D2C268DB3007BD4F0 /* Alamofire */; };
		540927512C268DBE007BD4F0 /* Kingfisher in Frameworks */ = {isa = PBXBuildFile; productRef = 540927502C268DBE007BD4F0 /* Kingfisher */; };
		540927532C268E11007BD4F0 /* Weather.swift in Sources */ = {isa = PBXBuildFile; fileRef = 540927522C268E11007BD4F0 /* Weather.swift */; };
		540927582C269066007BD4F0 /* .gitignore in Resources */ = {isa = PBXBuildFile; fileRef = 540927572C269066007BD4F0 /* .gitignore */; };
		5409275A2C269073007BD4F0 /* APIKey.swift in Sources */ = {isa = PBXBuildFile; fileRef = 540927592C269073007BD4F0 /* APIKey.swift */; };
		54C9A9422C2698380078040D /* WeatherService.swift in Sources */ = {isa = PBXBuildFile; fileRef = 54C9A9412C2698380078040D /* WeatherService.swift */; };
		54C9A9442C26C09D0078040D /* UIPaddingLabel.swift in Sources */ = {isa = PBXBuildFile; fileRef = 54C9A9432C26C09D0078040D /* UIPaddingLabel.swift */; };
/* End PBXBuildFile section */

/* Begin PBXFileReference section */
		540927322C268C30007BD4F0 /* WeatherApp.app */ = {isa = PBXFileReference; explicitFileType = wrapper.application; includeInIndex = 0; path = WeatherApp.app; sourceTree = BUILT_PRODUCTS_DIR; };
		540927352C268C30007BD4F0 /* AppDelegate.swift */ = {isa = PBXFileReference; lastKnownFileType = sourcecode.swift; path = AppDelegate.swift; sourceTree = "<group>"; };
		540927372C268C30007BD4F0 /* SceneDelegate.swift */ = {isa = PBXFileReference; lastKnownFileType = sourcecode.swift; path = SceneDelegate.swift; sourceTree = "<group>"; };
		540927392C268C30007BD4F0 /* MainViewController.swift */ = {isa = PBXFileReference; lastKnownFileType = sourcecode.swift; path = MainViewController.swift; sourceTree = "<group>"; };
		5409273E2C268C30007BD4F0 /* Assets.xcassets */ = {isa = PBXFileReference; lastKnownFileType = folder.assetcatalog; path = Assets.xcassets; sourceTree = "<group>"; };
		540927412C268C30007BD4F0 /* Base */ = {isa = PBXFileReference; lastKnownFileType = file.storyboard; name = Base; path = Base.lproj/LaunchScreen.storyboard; sourceTree = "<group>"; };
		540927432C268C30007BD4F0 /* Info.plist */ = {isa = PBXFileReference; lastKnownFileType = text.plist.xml; path = Info.plist; sourceTree = "<group>"; };
		540927522C268E11007BD4F0 /* Weather.swift */ = {isa = PBXFileReference; lastKnownFileType = sourcecode.swift; path = Weather.swift; sourceTree = "<group>"; };
		540927572C269066007BD4F0 /* .gitignore */ = {isa = PBXFileReference; lastKnownFileType = text; path = .gitignore; sourceTree = "<group>"; };
		540927592C269073007BD4F0 /* APIKey.swift */ = {isa = PBXFileReference; lastKnownFileType = sourcecode.swift; path = APIKey.swift; sourceTree = "<group>"; };
		54C9A9412C2698380078040D /* WeatherService.swift */ = {isa = PBXFileReference; lastKnownFileType = sourcecode.swift; path = WeatherService.swift; sourceTree = "<group>"; };
		54C9A9432C26C09D0078040D /* UIPaddingLabel.swift */ = {isa = PBXFileReference; lastKnownFileType = sourcecode.swift; path = UIPaddingLabel.swift; sourceTree = "<group>"; };
/* End PBXFileReference section */

/* Begin PBXFrameworksBuildPhase section */
		5409272F2C268C30007BD4F0 /* Frameworks */ = {
			isa = PBXFrameworksBuildPhase;
			buildActionMask = 2147483647;
			files = (
				540927512C268DBE007BD4F0 /* Kingfisher in Frameworks */,
				5409274B2C268DA7007BD4F0 /* SnapKit in Frameworks */,
				5409274E2C268DB3007BD4F0 /* Alamofire in Frameworks */,
			);
			runOnlyForDeploymentPostprocessing = 0;
		};
/* End PBXFrameworksBuildPhase section */

/* Begin PBXGroup section */
		540927292C268C30007BD4F0 = {
			isa = PBXGroup;
			children = (
				540927572C269066007BD4F0 /* .gitignore */,
				540927342C268C30007BD4F0 /* WeatherApp */,
				540927332C268C30007BD4F0 /* Products */,
			);
			sourceTree = "<group>";
		};
		540927332C268C30007BD4F0 /* Products */ = {
			isa = PBXGroup;
			children = (
				540927322C268C30007BD4F0 /* WeatherApp.app */,
			);
			name = Products;
			sourceTree = "<group>";
		};
		540927342C268C30007BD4F0 /* WeatherApp */ = {
			isa = PBXGroup;
			children = (
				540927352C268C30007BD4F0 /* AppDelegate.swift */,
				540927372C268C30007BD4F0 /* SceneDelegate.swift */,
				540927392C268C30007BD4F0 /* MainViewController.swift */,
				5409273E2C268C30007BD4F0 /* Assets.xcassets */,
				540927402C268C30007BD4F0 /* LaunchScreen.storyboard */,
				540927432C268C30007BD4F0 /* Info.plist */,
				540927542C268E18007BD4F0 /* Model */,
				540927592C269073007BD4F0 /* APIKey.swift */,
				54C9A9412C2698380078040D /* WeatherService.swift */,
				54C9A9452C26C0A40078040D /* CustomView */,
			);
			path = WeatherApp;
			sourceTree = "<group>";
		};
		540927542C268E18007BD4F0 /* Model */ = {
			isa = PBXGroup;
			children = (
				540927522C268E11007BD4F0 /* Weather.swift */,
			);
			path = Model;
			sourceTree = "<group>";
		};
		54C9A9452C26C0A40078040D /* CustomView */ = {
			isa = PBXGroup;
			children = (
				54C9A9432C26C09D0078040D /* UIPaddingLabel.swift */,
			);
			path = CustomView;
			sourceTree = "<group>";
		};
/* End PBXGroup section */

/* Begin PBXNativeTarget section */
		540927312C268C30007BD4F0 /* WeatherApp */ = {
			isa = PBXNativeTarget;
			buildConfigurationList = 540927462C268C30007BD4F0 /* Build configuration list for PBXNativeTarget "WeatherApp" */;
			buildPhases = (
				5409272E2C268C30007BD4F0 /* Sources */,
				5409272F2C268C30007BD4F0 /* Frameworks */,
				540927302C268C30007BD4F0 /* Resources */,
			);
			buildRules = (
			);
			dependencies = (
			);
			name = WeatherApp;
			packageProductDependencies = (
				5409274A2C268DA7007BD4F0 /* SnapKit */,
				5409274D2C268DB3007BD4F0 /* Alamofire */,
				540927502C268DBE007BD4F0 /* Kingfisher */,
			);
			productName = WeatherApp;
			productReference = 540927322C268C30007BD4F0 /* WeatherApp.app */;
			productType = "com.apple.product-type.application";
		};
/* End PBXNativeTarget section */

/* Begin PBXProject section */
		5409272A2C268C30007BD4F0 /* Project object */ = {
			isa = PBXProject;
			attributes = {
				BuildIndependentTargetsInParallel = 1;
				LastSwiftUpdateCheck = 1530;
				LastUpgradeCheck = 1530;
				TargetAttributes = {
					540927312C268C30007BD4F0 = {
						CreatedOnToolsVersion = 15.3;
					};
				};
			};
			buildConfigurationList = 5409272D2C268C30007BD4F0 /* Build configuration list for PBXProject "WeatherApp" */;
			compatibilityVersion = "Xcode 14.0";
			developmentRegion = en;
			hasScannedForEncodings = 0;
			knownRegions = (
				en,
				Base,
			);
			mainGroup = 540927292C268C30007BD4F0;
			packageReferences = (
				540927492C268DA7007BD4F0 /* XCRemoteSwiftPackageReference "SnapKit" */,
				5409274C2C268DB3007BD4F0 /* XCRemoteSwiftPackageReference "Alamofire" */,
				5409274F2C268DBE007BD4F0 /* XCRemoteSwiftPackageReference "Kingfisher" */,
			);
			productRefGroup = 540927332C268C30007BD4F0 /* Products */;
			projectDirPath = "";
			projectRoot = "";
			targets = (
				540927312C268C30007BD4F0 /* WeatherApp */,
			);
		};
/* End PBXProject section */

/* Begin PBXResourcesBuildPhase section */
		540927302C268C30007BD4F0 /* Resources */ = {
			isa = PBXResourcesBuildPhase;
			buildActionMask = 2147483647;
			files = (
				5409273F2C268C30007BD4F0 /* Assets.xcassets in Resources */,
				540927582C269066007BD4F0 /* .gitignore in Resources */,
				540927422C268C30007BD4F0 /* Base in Resources */,
			);
			runOnlyForDeploymentPostprocessing = 0;
		};
/* End PBXResourcesBuildPhase section */

/* Begin PBXSourcesBuildPhase section */
		5409272E2C268C30007BD4F0 /* Sources */ = {
			isa = PBXSourcesBuildPhase;
			buildActionMask = 2147483647;
			files = (
				540927532C268E11007BD4F0 /* Weather.swift in Sources */,
				54C9A9442C26C09D0078040D /* UIPaddingLabel.swift in Sources */,
				5409273A2C268C30007BD4F0 /* MainViewController.swift in Sources */,
				540927362C268C30007BD4F0 /* AppDelegate.swift in Sources */,
				540927382C268C30007BD4F0 /* SceneDelegate.swift in Sources */,
				54C9A9422C2698380078040D /* WeatherService.swift in Sources */,
				5409275A2C269073007BD4F0 /* APIKey.swift in Sources */,
			);
			runOnlyForDeploymentPostprocessing = 0;
		};
/* End PBXSourcesBuildPhase section */

/* Begin PBXVariantGroup section */
		540927402C268C30007BD4F0 /* LaunchScreen.storyboard */ = {
			isa = PBXVariantGroup;
			children = (
				540927412C268C30007BD4F0 /* Base */,
			);
			name = LaunchScreen.storyboard;
			sourceTree = "<group>";
		};
/* End PBXVariantGroup section */

/* Begin XCBuildConfiguration section */
		540927442C268C30007BD4F0 /* Debug */ = {
			isa = XCBuildConfiguration;
			buildSettings = {
				ALWAYS_SEARCH_USER_PATHS = NO;
				ASSETCATALOG_COMPILER_GENERATE_SWIFT_ASSET_SYMBOL_EXTENSIONS = YES;
				CLANG_ANALYZER_NONNULL = YES;
				CLANG_ANALYZER_NUMBER_OBJECT_CONVERSION = YES_AGGRESSIVE;
				CLANG_CXX_LANGUAGE_STANDARD = "gnu++20";
				CLANG_ENABLE_MODULES = YES;
				CLANG_ENABLE_OBJC_ARC = YES;
				CLANG_ENABLE_OBJC_WEAK = YES;
				CLANG_WARN_BLOCK_CAPTURE_AUTORELEASING = YES;
				CLANG_WARN_BOOL_CONVERSION = YES;
				CLANG_WARN_COMMA = YES;
				CLANG_WARN_CONSTANT_CONVERSION = YES;
				CLANG_WARN_DEPRECATED_OBJC_IMPLEMENTATIONS = YES;
				CLANG_WARN_DIRECT_OBJC_ISA_USAGE = YES_ERROR;
				CLANG_WARN_DOCUMENTATION_COMMENTS = YES;
				CLANG_WARN_EMPTY_BODY = YES;
				CLANG_WARN_ENUM_CONVERSION = YES;
				CLANG_WARN_INFINITE_RECURSION = YES;
				CLANG_WARN_INT_CONVERSION = YES;
				CLANG_WARN_NON_LITERAL_NULL_CONVERSION = YES;
				CLANG_WARN_OBJC_IMPLICIT_RETAIN_SELF = YES;
				CLANG_WARN_OBJC_LITERAL_CONVERSION = YES;
				CLANG_WARN_OBJC_ROOT_CLASS = YES_ERROR;
				CLANG_WARN_QUOTED_INCLUDE_IN_FRAMEWORK_HEADER = YES;
				CLANG_WARN_RANGE_LOOP_ANALYSIS = YES;
				CLANG_WARN_STRICT_PROTOTYPES = YES;
				CLANG_WARN_SUSPICIOUS_MOVE = YES;
				CLANG_WARN_UNGUARDED_AVAILABILITY = YES_AGGRESSIVE;
				CLANG_WARN_UNREACHABLE_CODE = YES;
				CLANG_WARN__DUPLICATE_METHOD_MATCH = YES;
				COPY_PHASE_STRIP = NO;
				DEBUG_INFORMATION_FORMAT = dwarf;
				ENABLE_STRICT_OBJC_MSGSEND = YES;
				ENABLE_TESTABILITY = YES;
				ENABLE_USER_SCRIPT_SANDBOXING = YES;
				GCC_C_LANGUAGE_STANDARD = gnu17;
				GCC_DYNAMIC_NO_PIC = NO;
				GCC_NO_COMMON_BLOCKS = YES;
				GCC_OPTIMIZATION_LEVEL = 0;
				GCC_PREPROCESSOR_DEFINITIONS = (
					"DEBUG=1",
					"$(inherited)",
				);
				GCC_WARN_64_TO_32_BIT_CONVERSION = YES;
				GCC_WARN_ABOUT_RETURN_TYPE = YES_ERROR;
				GCC_WARN_UNDECLARED_SELECTOR = YES;
				GCC_WARN_UNINITIALIZED_AUTOS = YES_AGGRESSIVE;
				GCC_WARN_UNUSED_FUNCTION = YES;
				GCC_WARN_UNUSED_VARIABLE = YES;
				IPHONEOS_DEPLOYMENT_TARGET = 15.0;
				LOCALIZATION_PREFERS_STRING_CATALOGS = YES;
				MTL_ENABLE_DEBUG_INFO = INCLUDE_SOURCE;
				MTL_FAST_MATH = YES;
				ONLY_ACTIVE_ARCH = YES;
				SDKROOT = iphoneos;
				SWIFT_ACTIVE_COMPILATION_CONDITIONS = "DEBUG $(inherited)";
				SWIFT_OPTIMIZATION_LEVEL = "-Onone";
			};
			name = Debug;
		};
		540927452C268C30007BD4F0 /* Release */ = {
			isa = XCBuildConfiguration;
			buildSettings = {
				ALWAYS_SEARCH_USER_PATHS = NO;
				ASSETCATALOG_COMPILER_GENERATE_SWIFT_ASSET_SYMBOL_EXTENSIONS = YES;
				CLANG_ANALYZER_NONNULL = YES;
				CLANG_ANALYZER_NUMBER_OBJECT_CONVERSION = YES_AGGRESSIVE;
				CLANG_CXX_LANGUAGE_STANDARD = "gnu++20";
				CLANG_ENABLE_MODULES = YES;
				CLANG_ENABLE_OBJC_ARC = YES;
				CLANG_ENABLE_OBJC_WEAK = YES;
				CLANG_WARN_BLOCK_CAPTURE_AUTORELEASING = YES;
				CLANG_WARN_BOOL_CONVERSION = YES;
				CLANG_WARN_COMMA = YES;
				CLANG_WARN_CONSTANT_CONVERSION = YES;
				CLANG_WARN_DEPRECATED_OBJC_IMPLEMENTATIONS = YES;
				CLANG_WARN_DIRECT_OBJC_ISA_USAGE = YES_ERROR;
				CLANG_WARN_DOCUMENTATION_COMMENTS = YES;
				CLANG_WARN_EMPTY_BODY = YES;
				CLANG_WARN_ENUM_CONVERSION = YES;
				CLANG_WARN_INFINITE_RECURSION = YES;
				CLANG_WARN_INT_CONVERSION = YES;
				CLANG_WARN_NON_LITERAL_NULL_CONVERSION = YES;
				CLANG_WARN_OBJC_IMPLICIT_RETAIN_SELF = YES;
				CLANG_WARN_OBJC_LITERAL_CONVERSION = YES;
				CLANG_WARN_OBJC_ROOT_CLASS = YES_ERROR;
				CLANG_WARN_QUOTED_INCLUDE_IN_FRAMEWORK_HEADER = YES;
				CLANG_WARN_RANGE_LOOP_ANALYSIS = YES;
				CLANG_WARN_STRICT_PROTOTYPES = YES;
				CLANG_WARN_SUSPICIOUS_MOVE = YES;
				CLANG_WARN_UNGUARDED_AVAILABILITY = YES_AGGRESSIVE;
				CLANG_WARN_UNREACHABLE_CODE = YES;
				CLANG_WARN__DUPLICATE_METHOD_MATCH = YES;
				COPY_PHASE_STRIP = NO;
				DEBUG_INFORMATION_FORMAT = "dwarf-with-dsym";
				ENABLE_NS_ASSERTIONS = NO;
				ENABLE_STRICT_OBJC_MSGSEND = YES;
				ENABLE_USER_SCRIPT_SANDBOXING = YES;
				GCC_C_LANGUAGE_STANDARD = gnu17;
				GCC_NO_COMMON_BLOCKS = YES;
				GCC_WARN_64_TO_32_BIT_CONVERSION = YES;
				GCC_WARN_ABOUT_RETURN_TYPE = YES_ERROR;
				GCC_WARN_UNDECLARED_SELECTOR = YES;
				GCC_WARN_UNINITIALIZED_AUTOS = YES_AGGRESSIVE;
				GCC_WARN_UNUSED_FUNCTION = YES;
				GCC_WARN_UNUSED_VARIABLE = YES;
				IPHONEOS_DEPLOYMENT_TARGET = 15.0;
				LOCALIZATION_PREFERS_STRING_CATALOGS = YES;
				MTL_ENABLE_DEBUG_INFO = NO;
				MTL_FAST_MATH = YES;
				SDKROOT = iphoneos;
				SWIFT_COMPILATION_MODE = wholemodule;
				VALIDATE_PRODUCT = YES;
			};
			name = Release;
		};
		540927472C268C30007BD4F0 /* Debug */ = {
			isa = XCBuildConfiguration;
			buildSettings = {
				ASSETCATALOG_COMPILER_APPICON_NAME = AppIcon;
				ASSETCATALOG_COMPILER_GLOBAL_ACCENT_COLOR_NAME = AccentColor;
				CODE_SIGN_STYLE = Automatic;
				CURRENT_PROJECT_VERSION = 1;
				DEVELOPMENT_TEAM = 82M3Y9RKT2;
				GENERATE_INFOPLIST_FILE = YES;
				INFOPLIST_FILE = WeatherApp/Info.plist;
				INFOPLIST_KEY_UIApplicationSupportsIndirectInputEvents = YES;
				INFOPLIST_KEY_UILaunchStoryboardName = LaunchScreen;
				INFOPLIST_KEY_UISupportedInterfaceOrientations = UIInterfaceOrientationPortrait;
				INFOPLIST_KEY_UISupportedInterfaceOrientations_iPad = UIInterfaceOrientationPortrait;
				IPHONEOS_DEPLOYMENT_TARGET = 15.0;
				LD_RUNPATH_SEARCH_PATHS = (
					"$(inherited)",
					"@executable_path/Frameworks",
				);
				MARKETING_VERSION = 1.0;
				PRODUCT_BUNDLE_IDENTIFIER = com.lcho3878.WeatherApp;
				PRODUCT_NAME = "$(TARGET_NAME)";
				SUPPORTED_PLATFORMS = "iphoneos iphonesimulator";
				SUPPORTS_MACCATALYST = NO;
				SUPPORTS_MAC_DESIGNED_FOR_IPHONE_IPAD = NO;
				SUPPORTS_XR_DESIGNED_FOR_IPHONE_IPAD = NO;
				SWIFT_EMIT_LOC_STRINGS = YES;
				SWIFT_VERSION = 5.0;
				TARGETED_DEVICE_FAMILY = 1;
			};
			name = Debug;
		};
		540927482C268C30007BD4F0 /* Release */ = {
			isa = XCBuildConfiguration;
			buildSettings = {
				ASSETCATALOG_COMPILER_APPICON_NAME = AppIcon;
				ASSETCATALOG_COMPILER_GLOBAL_ACCENT_COLOR_NAME = AccentColor;
				CODE_SIGN_STYLE = Automatic;
				CURRENT_PROJECT_VERSION = 1;
				DEVELOPMENT_TEAM = 82M3Y9RKT2;
				GENERATE_INFOPLIST_FILE = YES;
				INFOPLIST_FILE = WeatherApp/Info.plist;
				INFOPLIST_KEY_UIApplicationSupportsIndirectInputEvents = YES;
				INFOPLIST_KEY_UILaunchStoryboardName = LaunchScreen;
				INFOPLIST_KEY_UISupportedInterfaceOrientations = UIInterfaceOrientationPortrait;
				INFOPLIST_KEY_UISupportedInterfaceOrientations_iPad = UIInterfaceOrientationPortrait;
				IPHONEOS_DEPLOYMENT_TARGET = 15.0;
				LD_RUNPATH_SEARCH_PATHS = (
					"$(inherited)",
					"@executable_path/Frameworks",
				);
				MARKETING_VERSION = 1.0;
				PRODUCT_BUNDLE_IDENTIFIER = com.lcho3878.WeatherApp;
				PRODUCT_NAME = "$(TARGET_NAME)";
				SUPPORTED_PLATFORMS = "iphoneos iphonesimulator";
				SUPPORTS_MACCATALYST = NO;
				SUPPORTS_MAC_DESIGNED_FOR_IPHONE_IPAD = NO;
				SUPPORTS_XR_DESIGNED_FOR_IPHONE_IPAD = NO;
				SWIFT_EMIT_LOC_STRINGS = YES;
				SWIFT_VERSION = 5.0;
				TARGETED_DEVICE_FAMILY = 1;
			};
			name = Release;
		};
/* End XCBuildConfiguration section */

/* Begin XCConfigurationList section */
		5409272D2C268C30007BD4F0 /* Build configuration list for PBXProject "WeatherApp" */ = {
			isa = XCConfigurationList;
			buildConfigurations = (
				540927442C268C30007BD4F0 /* Debug */,
				540927452C268C30007BD4F0 /* Release */,
			);
			defaultConfigurationIsVisible = 0;
			defaultConfigurationName = Release;
		};
		540927462C268C30007BD4F0 /* Build configuration list for PBXNativeTarget "WeatherApp" */ = {
			isa = XCConfigurationList;
			buildConfigurations = (
				540927472C268C30007BD4F0 /* Debug */,
				540927482C268C30007BD4F0 /* Release */,
			);
			defaultConfigurationIsVisible = 0;
			defaultConfigurationName = Release;
		};
/* End XCConfigurationList section */

/* Begin XCRemoteSwiftPackageReference section */
		540927492C268DA7007BD4F0 /* XCRemoteSwiftPackageReference "SnapKit" */ = {
			isa = XCRemoteSwiftPackageReference;
			repositoryURL = "https://github.com/SnapKit/SnapKit";
			requirement = {
				kind = upToNextMajorVersion;
				minimumVersion = 5.7.1;
			};
		};
		5409274C2C268DB3007BD4F0 /* XCRemoteSwiftPackageReference "Alamofire" */ = {
			isa = XCRemoteSwiftPackageReference;
			repositoryURL = "https://github.com/Alamofire/Alamofire.git";
			requirement = {
				kind = upToNextMajorVersion;
				minimumVersion = 5.9.1;
			};
		};
		5409274F2C268DBE007BD4F0 /* XCRemoteSwiftPackageReference "Kingfisher" */ = {
			isa = XCRemoteSwiftPackageReference;
			repositoryURL = "https://github.com/onevcat/Kingfisher";
			requirement = {
				kind = upToNextMajorVersion;
				minimumVersion = 7.12.0;
			};
		};
/* End XCRemoteSwiftPackageReference section */

/* Begin XCSwiftPackageProductDependency section */
		5409274A2C268DA7007BD4F0 /* SnapKit */ = {
			isa = XCSwiftPackageProductDependency;
			package = 540927492C268DA7007BD4F0 /* XCRemoteSwiftPackageReference "SnapKit" */;
			productName = SnapKit;
		};
		5409274D2C268DB3007BD4F0 /* Alamofire */ = {
			isa = XCSwiftPackageProductDependency;
			package = 5409274C2C268DB3007BD4F0 /* XCRemoteSwiftPackageReference "Alamofire" */;
			productName = Alamofire;
		};
		540927502C268DBE007BD4F0 /* Kingfisher */ = {
			isa = XCSwiftPackageProductDependency;
			package = 5409274F2C268DBE007BD4F0 /* XCRemoteSwiftPackageReference "Kingfisher" */;
			productName = Kingfisher;
		};
/* End XCSwiftPackageProductDependency section */
	};
	rootObject = 5409272A2C268C30007BD4F0 /* Project object */;
}
